// !$*UTF8*$!
{
	archiveVersion = 1;
	classes = {
	};
	objectVersion = 50;
	objects = {

/* Begin PBXBuildFile section */
		040F250D20FC6D9000A0247C /* TabBarController.swift in Sources */ = {isa = PBXBuildFile; fileRef = 040F250C20FC6D9000A0247C /* TabBarController.swift */; };
		040F250F20FC6EFC00A0247C /* ScannerViewController.swift in Sources */ = {isa = PBXBuildFile; fileRef = 040F250E20FC6EFC00A0247C /* ScannerViewController.swift */; };
		040F251120FC6F1000A0247C /* AccountViewController.swift in Sources */ = {isa = PBXBuildFile; fileRef = 040F251020FC6F1000A0247C /* AccountViewController.swift */; };
		040F251320FC889F00A0247C /* QRScannerViewController.swift in Sources */ = {isa = PBXBuildFile; fileRef = 040F251220FC889F00A0247C /* QRScannerViewController.swift */; };
		040F251720FDC13900A0247C /* InvitationCodeView.xib in Resources */ = {isa = PBXBuildFile; fileRef = 040F251620FDC13900A0247C /* InvitationCodeView.xib */; };
		040F251A20FDC5DC00A0247C /* Colors.xcassets in Resources */ = {isa = PBXBuildFile; fileRef = 040F251920FDC5DC00A0247C /* Colors.xcassets */; };
		040F251C20FDC6F400A0247C /* InvitationCodeView.swift in Sources */ = {isa = PBXBuildFile; fileRef = 040F251B20FDC6F400A0247C /* InvitationCodeView.swift */; };
		040F251F20FDF64500A0247C /* UIViewExtension.swift in Sources */ = {isa = PBXBuildFile; fileRef = 040F251E20FDF64500A0247C /* UIViewExtension.swift */; };
		040F252120FF635800A0247C /* QRScannerView.swift in Sources */ = {isa = PBXBuildFile; fileRef = 040F252020FF635800A0247C /* QRScannerView.swift */; };
		040F252320FF6EF000A0247C /* QRScanner.swift in Sources */ = {isa = PBXBuildFile; fileRef = 040F252220FF6EF000A0247C /* QRScanner.swift */; };
		040F25252100B0D900A0247C /* CheckedInView.xib in Resources */ = {isa = PBXBuildFile; fileRef = 040F25242100B0D900A0247C /* CheckedInView.xib */; };
		040F25272100B3CE00A0247C /* CheckedInView.swift in Sources */ = {isa = PBXBuildFile; fileRef = 040F25262100B3CE00A0247C /* CheckedInView.swift */; };
		040F252B2100B88900A0247C /* TestViewController.swift in Sources */ = {isa = PBXBuildFile; fileRef = 040F252A2100B88900A0247C /* TestViewController.swift */; };
		043E825520ECAA8C00BB9021 /* MockData.swift in Sources */ = {isa = PBXBuildFile; fileRef = 043E825420ECAA8C00BB9021 /* MockData.swift */; };
		043E825820ECE6AC00BB9021 /* SMSViewController.swift in Sources */ = {isa = PBXBuildFile; fileRef = 043E825720ECE6AC00BB9021 /* SMSViewController.swift */; };
		043E827820EE4EF400BB9021 /* VisitorsViewController.swift in Sources */ = {isa = PBXBuildFile; fileRef = 043E827720EE4EF400BB9021 /* VisitorsViewController.swift */; };
		04B470EA20EA593000FAE9F6 /* AppDelegate.swift in Sources */ = {isa = PBXBuildFile; fileRef = 04B470E920EA593000FAE9F6 /* AppDelegate.swift */; };
		04B470EC20EA593000FAE9F6 /* IDViewController.swift in Sources */ = {isa = PBXBuildFile; fileRef = 04B470EB20EA593000FAE9F6 /* IDViewController.swift */; };
		04B470EF20EA593000FAE9F6 /* Main.storyboard in Resources */ = {isa = PBXBuildFile; fileRef = 04B470ED20EA593000FAE9F6 /* Main.storyboard */; };
		04B470F120EA593100FAE9F6 /* Assets.xcassets in Resources */ = {isa = PBXBuildFile; fileRef = 04B470F020EA593100FAE9F6 /* Assets.xcassets */; };
		04B470F420EA593100FAE9F6 /* LaunchScreen.storyboard in Resources */ = {isa = PBXBuildFile; fileRef = 04B470F220EA593100FAE9F6 /* LaunchScreen.storyboard */; };
		04B470FD20EB57C000FAE9F6 /* Repository.swift in Sources */ = {isa = PBXBuildFile; fileRef = 04B470FC20EB57C000FAE9F6 /* Repository.swift */; };
		04B4710220EB5C3400FAE9F6 /* VisitorLocalCRUD.swift in Sources */ = {isa = PBXBuildFile; fileRef = 04B4710120EB5C3400FAE9F6 /* VisitorLocalCRUD.swift */; };
		04B4710520EB603200FAE9F6 /* Visitor.swift in Sources */ = {isa = PBXBuildFile; fileRef = 04B4710420EB603200FAE9F6 /* Visitor.swift */; };
		04B4710820EB660800FAE9F6 /* VisitorDataObject.swift in Sources */ = {isa = PBXBuildFile; fileRef = 04B4710720EB660800FAE9F6 /* VisitorDataObject.swift */; };
		04B4710B20EBB7F600FAE9F6 /* PhoneNumberViewController.swift in Sources */ = {isa = PBXBuildFile; fileRef = 04B4710A20EBB7F600FAE9F6 /* PhoneNumberViewController.swift */; };
		04CFCEF621044B0B004CF860 /* CheckedOutView.xib in Resources */ = {isa = PBXBuildFile; fileRef = 04CFCEF521044B0B004CF860 /* CheckedOutView.xib */; };
		04CFCEF821044D04004CF860 /* CheckedOutView.swift in Sources */ = {isa = PBXBuildFile; fileRef = 04CFCEF721044D04004CF860 /* CheckedOutView.swift */; };
		04CFCEFA21047EC0004CF860 /* SearchViewController.swift in Sources */ = {isa = PBXBuildFile; fileRef = 04CFCEF921047EC0004CF860 /* SearchViewController.swift */; };
		04CFCEFC2104BB51004CF860 /* Employee.swift in Sources */ = {isa = PBXBuildFile; fileRef = 04CFCEFB2104BB51004CF860 /* Employee.swift */; };
		04CFCEFE2104BCFA004CF860 /* EmployeeLocalCRUD.swift in Sources */ = {isa = PBXBuildFile; fileRef = 04CFCEFD2104BCFA004CF860 /* EmployeeLocalCRUD.swift */; };
		04CFCF002104BD7A004CF860 /* EmployeeDataObject.swift in Sources */ = {isa = PBXBuildFile; fileRef = 04CFCEFF2104BD7A004CF860 /* EmployeeDataObject.swift */; };
		04CFCF022105A9A8004CF860 /* UINavigationControllerExtension.swift in Sources */ = {isa = PBXBuildFile; fileRef = 04CFCF012105A9A8004CF860 /* UINavigationControllerExtension.swift */; };
		04CFCF042105B949004CF860 /* VerificationSuccessfulViewController.swift in Sources */ = {isa = PBXBuildFile; fileRef = 04CFCF032105B949004CF860 /* VerificationSuccessfulViewController.swift */; };
		04CFCF072105C01F004CF860 /* ExpectedView.xib in Resources */ = {isa = PBXBuildFile; fileRef = 04CFCF062105C01F004CF860 /* ExpectedView.xib */; };
		04CFCF092105C0BC004CF860 /* ExpectedView.swift in Sources */ = {isa = PBXBuildFile; fileRef = 04CFCF082105C0BC004CF860 /* ExpectedView.swift */; };
		04CFCF0B2105DDD6004CF860 /* InvitationCodeValidAndInvalidView.xib in Resources */ = {isa = PBXBuildFile; fileRef = 04CFCF0A2105DDD6004CF860 /* InvitationCodeValidAndInvalidView.xib */; };
		04CFCF0D2105DEDE004CF860 /* InvitationCodeValidAndInvalidView.swift in Sources */ = {isa = PBXBuildFile; fileRef = 04CFCF0C2105DEDE004CF860 /* InvitationCodeValidAndInvalidView.swift */; };
		04CFCF1121071F22004CF860 /* SearchEmptyView.xib in Resources */ = {isa = PBXBuildFile; fileRef = 04CFCF1021071F22004CF860 /* SearchEmptyView.xib */; };
		04CFCF1321071F41004CF860 /* SearchEmptyView.swift in Sources */ = {isa = PBXBuildFile; fileRef = 04CFCF1221071F41004CF860 /* SearchEmptyView.swift */; };
		04CFCF2421075ED6004CF860 /* LogIn.storyboard in Resources */ = {isa = PBXBuildFile; fileRef = 04CFCF2321075ED6004CF860 /* LogIn.storyboard */; };
		04CFCF2821076058004CF860 /* TabBarController.storyboard in Resources */ = {isa = PBXBuildFile; fileRef = 04CFCF2721076058004CF860 /* TabBarController.storyboard */; };
		04CFCF2A21083CAD004CF860 /* EmptySearchView.swift in Sources */ = {isa = PBXBuildFile; fileRef = 04CFCF2921083CAD004CF860 /* EmptySearchView.swift */; };
		04CFCF3221084BAD004CF860 /* IDViewModel.swift in Sources */ = {isa = PBXBuildFile; fileRef = 04CFCF3121084BAD004CF860 /* IDViewModel.swift */; };
		04CFCF3421084BCD004CF860 /* PhoneNumberViewModel.swift in Sources */ = {isa = PBXBuildFile; fileRef = 04CFCF3321084BCD004CF860 /* PhoneNumberViewModel.swift */; };
		04CFCF3621084C18004CF860 /* SMSViewModel.swift in Sources */ = {isa = PBXBuildFile; fileRef = 04CFCF3521084C18004CF860 /* SMSViewModel.swift */; };
		04CFCF3821084C32004CF860 /* VerificationSuccessfulViewModel.swift in Sources */ = {isa = PBXBuildFile; fileRef = 04CFCF3721084C32004CF860 /* VerificationSuccessfulViewModel.swift */; };
		04CFCF3A21085C1B004CF860 /* VisitorsViewModel.swift in Sources */ = {isa = PBXBuildFile; fileRef = 04CFCF3921085C1B004CF860 /* VisitorsViewModel.swift */; };
		04CFCF3D21086674004CF860 /* CheckSectionView.swift in Sources */ = {isa = PBXBuildFile; fileRef = 04CFCF3C21086674004CF860 /* CheckSectionView.swift */; };
		04CFCF3F21086D20004CF860 /* AccountViewModel.swift in Sources */ = {isa = PBXBuildFile; fileRef = 04CFCF3E21086D20004CF860 /* AccountViewModel.swift */; };
		04CFCF4121087087004CF860 /* ScannerViewModel.swift in Sources */ = {isa = PBXBuildFile; fileRef = 04CFCF4021087087004CF860 /* ScannerViewModel.swift */; };
		04CFCF43210998BC004CF860 /* UIButtonExtension.swift in Sources */ = {isa = PBXBuildFile; fileRef = 04CFCF42210998BC004CF860 /* UIButtonExtension.swift */; };
		04CFCF452109D631004CF860 /* UITextFieldExtension.swift in Sources */ = {isa = PBXBuildFile; fileRef = 04CFCF442109D631004CF860 /* UITextFieldExtension.swift */; };
		04CFCF472109DAF2004CF860 /* CALayer.swift in Sources */ = {isa = PBXBuildFile; fileRef = 04CFCF462109DAF2004CF860 /* CALayer.swift */; };
		92E680DE72D2BE922CC14B14 /* Pods_Kabab.framework in Frameworks */ = {isa = PBXBuildFile; fileRef = 85C954FBF8E62CAA9387425C /* Pods_Kabab.framework */; };
/* End PBXBuildFile section */

/* Begin PBXFileReference section */
		040F250C20FC6D9000A0247C /* TabBarController.swift */ = {isa = PBXFileReference; lastKnownFileType = sourcecode.swift; path = TabBarController.swift; sourceTree = "<group>"; };
		040F250E20FC6EFC00A0247C /* ScannerViewController.swift */ = {isa = PBXFileReference; lastKnownFileType = sourcecode.swift; path = ScannerViewController.swift; sourceTree = "<group>"; };
		040F251020FC6F1000A0247C /* AccountViewController.swift */ = {isa = PBXFileReference; lastKnownFileType = sourcecode.swift; path = AccountViewController.swift; sourceTree = "<group>"; };
		040F251220FC889F00A0247C /* QRScannerViewController.swift */ = {isa = PBXFileReference; lastKnownFileType = sourcecode.swift; path = QRScannerViewController.swift; sourceTree = "<group>"; };
		040F251620FDC13900A0247C /* InvitationCodeView.xib */ = {isa = PBXFileReference; lastKnownFileType = file.xib; path = InvitationCodeView.xib; sourceTree = "<group>"; };
		040F251920FDC5DC00A0247C /* Colors.xcassets */ = {isa = PBXFileReference; lastKnownFileType = folder.assetcatalog; path = Colors.xcassets; sourceTree = "<group>"; };
		040F251B20FDC6F400A0247C /* InvitationCodeView.swift */ = {isa = PBXFileReference; lastKnownFileType = sourcecode.swift; path = InvitationCodeView.swift; sourceTree = "<group>"; };
		040F251E20FDF64500A0247C /* UIViewExtension.swift */ = {isa = PBXFileReference; lastKnownFileType = sourcecode.swift; path = UIViewExtension.swift; sourceTree = "<group>"; };
		040F252020FF635800A0247C /* QRScannerView.swift */ = {isa = PBXFileReference; lastKnownFileType = sourcecode.swift; path = QRScannerView.swift; sourceTree = "<group>"; };
		040F252220FF6EF000A0247C /* QRScanner.swift */ = {isa = PBXFileReference; lastKnownFileType = sourcecode.swift; path = QRScanner.swift; sourceTree = "<group>"; };
		040F25242100B0D900A0247C /* CheckedInView.xib */ = {isa = PBXFileReference; lastKnownFileType = file.xib; path = CheckedInView.xib; sourceTree = "<group>"; };
		040F25262100B3CE00A0247C /* CheckedInView.swift */ = {isa = PBXFileReference; lastKnownFileType = sourcecode.swift; path = CheckedInView.swift; sourceTree = "<group>"; };
		040F252A2100B88900A0247C /* TestViewController.swift */ = {isa = PBXFileReference; lastKnownFileType = sourcecode.swift; path = TestViewController.swift; sourceTree = "<group>"; };
		043E825420ECAA8C00BB9021 /* MockData.swift */ = {isa = PBXFileReference; lastKnownFileType = sourcecode.swift; path = MockData.swift; sourceTree = "<group>"; };
		043E825720ECE6AC00BB9021 /* SMSViewController.swift */ = {isa = PBXFileReference; lastKnownFileType = sourcecode.swift; path = SMSViewController.swift; sourceTree = "<group>"; };
		043E827720EE4EF400BB9021 /* VisitorsViewController.swift */ = {isa = PBXFileReference; lastKnownFileType = sourcecode.swift; path = VisitorsViewController.swift; sourceTree = "<group>"; };
		04B470E620EA593000FAE9F6 /* Kabab.app */ = {isa = PBXFileReference; explicitFileType = wrapper.application; includeInIndex = 0; path = Kabab.app; sourceTree = BUILT_PRODUCTS_DIR; };
		04B470E920EA593000FAE9F6 /* AppDelegate.swift */ = {isa = PBXFileReference; lastKnownFileType = sourcecode.swift; path = AppDelegate.swift; sourceTree = "<group>"; };
		04B470EB20EA593000FAE9F6 /* IDViewController.swift */ = {isa = PBXFileReference; lastKnownFileType = sourcecode.swift; path = IDViewController.swift; sourceTree = "<group>"; };
		04B470EE20EA593000FAE9F6 /* Base */ = {isa = PBXFileReference; lastKnownFileType = file.storyboard; name = Base; path = Base.lproj/Main.storyboard; sourceTree = "<group>"; };
		04B470F020EA593100FAE9F6 /* Assets.xcassets */ = {isa = PBXFileReference; lastKnownFileType = folder.assetcatalog; path = Assets.xcassets; sourceTree = "<group>"; };
		04B470F320EA593100FAE9F6 /* Base */ = {isa = PBXFileReference; lastKnownFileType = file.storyboard; name = Base; path = Base.lproj/LaunchScreen.storyboard; sourceTree = "<group>"; };
		04B470F520EA593100FAE9F6 /* Info.plist */ = {isa = PBXFileReference; lastKnownFileType = text.plist.xml; path = Info.plist; sourceTree = "<group>"; };
		04B470FC20EB57C000FAE9F6 /* Repository.swift */ = {isa = PBXFileReference; lastKnownFileType = sourcecode.swift; path = Repository.swift; sourceTree = "<group>"; };
		04B4710120EB5C3400FAE9F6 /* VisitorLocalCRUD.swift */ = {isa = PBXFileReference; lastKnownFileType = sourcecode.swift; path = VisitorLocalCRUD.swift; sourceTree = "<group>"; };
		04B4710420EB603200FAE9F6 /* Visitor.swift */ = {isa = PBXFileReference; lastKnownFileType = sourcecode.swift; path = Visitor.swift; sourceTree = "<group>"; };
		04B4710720EB660800FAE9F6 /* VisitorDataObject.swift */ = {isa = PBXFileReference; lastKnownFileType = sourcecode.swift; path = VisitorDataObject.swift; sourceTree = "<group>"; };
		04B4710A20EBB7F600FAE9F6 /* PhoneNumberViewController.swift */ = {isa = PBXFileReference; lastKnownFileType = sourcecode.swift; path = PhoneNumberViewController.swift; sourceTree = "<group>"; };
		04CFCEF521044B0B004CF860 /* CheckedOutView.xib */ = {isa = PBXFileReference; lastKnownFileType = file.xib; path = CheckedOutView.xib; sourceTree = "<group>"; };
		04CFCEF721044D04004CF860 /* CheckedOutView.swift */ = {isa = PBXFileReference; lastKnownFileType = sourcecode.swift; path = CheckedOutView.swift; sourceTree = "<group>"; };
		04CFCEF921047EC0004CF860 /* SearchViewController.swift */ = {isa = PBXFileReference; lastKnownFileType = sourcecode.swift; path = SearchViewController.swift; sourceTree = "<group>"; };
		04CFCEFB2104BB51004CF860 /* Employee.swift */ = {isa = PBXFileReference; lastKnownFileType = sourcecode.swift; path = Employee.swift; sourceTree = "<group>"; };
		04CFCEFD2104BCFA004CF860 /* EmployeeLocalCRUD.swift */ = {isa = PBXFileReference; lastKnownFileType = sourcecode.swift; path = EmployeeLocalCRUD.swift; sourceTree = "<group>"; };
		04CFCEFF2104BD7A004CF860 /* EmployeeDataObject.swift */ = {isa = PBXFileReference; lastKnownFileType = sourcecode.swift; path = EmployeeDataObject.swift; sourceTree = "<group>"; };
		04CFCF012105A9A8004CF860 /* UINavigationControllerExtension.swift */ = {isa = PBXFileReference; lastKnownFileType = sourcecode.swift; path = UINavigationControllerExtension.swift; sourceTree = "<group>"; };
		04CFCF032105B949004CF860 /* VerificationSuccessfulViewController.swift */ = {isa = PBXFileReference; lastKnownFileType = sourcecode.swift; path = VerificationSuccessfulViewController.swift; sourceTree = "<group>"; };
		04CFCF062105C01F004CF860 /* ExpectedView.xib */ = {isa = PBXFileReference; lastKnownFileType = file.xib; path = ExpectedView.xib; sourceTree = "<group>"; };
		04CFCF082105C0BC004CF860 /* ExpectedView.swift */ = {isa = PBXFileReference; lastKnownFileType = sourcecode.swift; path = ExpectedView.swift; sourceTree = "<group>"; };
		04CFCF0A2105DDD6004CF860 /* InvitationCodeValidAndInvalidView.xib */ = {isa = PBXFileReference; lastKnownFileType = file.xib; path = InvitationCodeValidAndInvalidView.xib; sourceTree = "<group>"; };
		04CFCF0C2105DEDE004CF860 /* InvitationCodeValidAndInvalidView.swift */ = {isa = PBXFileReference; lastKnownFileType = sourcecode.swift; path = InvitationCodeValidAndInvalidView.swift; sourceTree = "<group>"; };
		04CFCF1021071F22004CF860 /* SearchEmptyView.xib */ = {isa = PBXFileReference; lastKnownFileType = file.xib; path = SearchEmptyView.xib; sourceTree = "<group>"; };
		04CFCF1221071F41004CF860 /* SearchEmptyView.swift */ = {isa = PBXFileReference; lastKnownFileType = sourcecode.swift; path = SearchEmptyView.swift; sourceTree = "<group>"; };
		04CFCF2321075ED6004CF860 /* LogIn.storyboard */ = {isa = PBXFileReference; lastKnownFileType = file.storyboard; path = LogIn.storyboard; sourceTree = "<group>"; };
		04CFCF2721076058004CF860 /* TabBarController.storyboard */ = {isa = PBXFileReference; lastKnownFileType = file.storyboard; path = TabBarController.storyboard; sourceTree = "<group>"; };
		04CFCF2921083CAD004CF860 /* EmptySearchView.swift */ = {isa = PBXFileReference; lastKnownFileType = sourcecode.swift; path = EmptySearchView.swift; sourceTree = "<group>"; };
		04CFCF3121084BAD004CF860 /* IDViewModel.swift */ = {isa = PBXFileReference; lastKnownFileType = sourcecode.swift; path = IDViewModel.swift; sourceTree = "<group>"; };
		04CFCF3321084BCD004CF860 /* PhoneNumberViewModel.swift */ = {isa = PBXFileReference; lastKnownFileType = sourcecode.swift; path = PhoneNumberViewModel.swift; sourceTree = "<group>"; };
		04CFCF3521084C18004CF860 /* SMSViewModel.swift */ = {isa = PBXFileReference; lastKnownFileType = sourcecode.swift; path = SMSViewModel.swift; sourceTree = "<group>"; };
		04CFCF3721084C32004CF860 /* VerificationSuccessfulViewModel.swift */ = {isa = PBXFileReference; lastKnownFileType = sourcecode.swift; path = VerificationSuccessfulViewModel.swift; sourceTree = "<group>"; };
		04CFCF3921085C1B004CF860 /* VisitorsViewModel.swift */ = {isa = PBXFileReference; lastKnownFileType = sourcecode.swift; path = VisitorsViewModel.swift; sourceTree = "<group>"; };
		04CFCF3C21086674004CF860 /* CheckSectionView.swift */ = {isa = PBXFileReference; lastKnownFileType = sourcecode.swift; path = CheckSectionView.swift; sourceTree = "<group>"; };
		04CFCF3E21086D20004CF860 /* AccountViewModel.swift */ = {isa = PBXFileReference; lastKnownFileType = sourcecode.swift; path = AccountViewModel.swift; sourceTree = "<group>"; };
		04CFCF4021087087004CF860 /* ScannerViewModel.swift */ = {isa = PBXFileReference; lastKnownFileType = sourcecode.swift; path = ScannerViewModel.swift; sourceTree = "<group>"; };
		04CFCF42210998BC004CF860 /* UIButtonExtension.swift */ = {isa = PBXFileReference; lastKnownFileType = sourcecode.swift; path = UIButtonExtension.swift; sourceTree = "<group>"; };
		04CFCF442109D631004CF860 /* UITextFieldExtension.swift */ = {isa = PBXFileReference; lastKnownFileType = sourcecode.swift; path = UITextFieldExtension.swift; sourceTree = "<group>"; };
		04CFCF462109DAF2004CF860 /* CALayer.swift */ = {isa = PBXFileReference; lastKnownFileType = sourcecode.swift; path = CALayer.swift; sourceTree = "<group>"; };
		771E24DE2A276198A64D2849 /* Pods-Kabab.release.xcconfig */ = {isa = PBXFileReference; includeInIndex = 1; lastKnownFileType = text.xcconfig; name = "Pods-Kabab.release.xcconfig"; path = "Pods/Target Support Files/Pods-Kabab/Pods-Kabab.release.xcconfig"; sourceTree = "<group>"; };
		85C954FBF8E62CAA9387425C /* Pods_Kabab.framework */ = {isa = PBXFileReference; explicitFileType = wrapper.framework; includeInIndex = 0; path = Pods_Kabab.framework; sourceTree = BUILT_PRODUCTS_DIR; };
		BC60015B8A3A06C9BABE5A7A /* Pods-Kabab.debug.xcconfig */ = {isa = PBXFileReference; includeInIndex = 1; lastKnownFileType = text.xcconfig; name = "Pods-Kabab.debug.xcconfig"; path = "Pods/Target Support Files/Pods-Kabab/Pods-Kabab.debug.xcconfig"; sourceTree = "<group>"; };
/* End PBXFileReference section */

/* Begin PBXFrameworksBuildPhase section */
		04B470E320EA593000FAE9F6 /* Frameworks */ = {
			isa = PBXFrameworksBuildPhase;
			buildActionMask = 2147483647;
			files = (
				92E680DE72D2BE922CC14B14 /* Pods_Kabab.framework in Frameworks */,
			);
			runOnlyForDeploymentPostprocessing = 0;
		};
/* End PBXFrameworksBuildPhase section */

/* Begin PBXGroup section */
		040F251D20FDF52300A0247C /* Extensions */ = {
			isa = PBXGroup;
			children = (
				040F251E20FDF64500A0247C /* UIViewExtension.swift */,
				04CFCF012105A9A8004CF860 /* UINavigationControllerExtension.swift */,
				04CFCF42210998BC004CF860 /* UIButtonExtension.swift */,
				04CFCF442109D631004CF860 /* UITextFieldExtension.swift */,
				04CFCF462109DAF2004CF860 /* CALayer.swift */,
			);
			path = Extensions;
			sourceTree = "<group>";
		};
		043E825620ECD67500BB9021 /* Helpers */ = {
			isa = PBXGroup;
			children = (
				043E825420ECAA8C00BB9021 /* MockData.swift */,
				040F251220FC889F00A0247C /* QRScannerViewController.swift */,
				040F252020FF635800A0247C /* QRScannerView.swift */,
				040F252220FF6EF000A0247C /* QRScanner.swift */,
			);
			path = Helpers;
			sourceTree = "<group>";
		};
		04B470DD20EA593000FAE9F6 = {
			isa = PBXGroup;
			children = (
				04B470E820EA593000FAE9F6 /* Kabab */,
				04B470E720EA593000FAE9F6 /* Products */,
				ED90256247B9BF3D08E0291D /* Pods */,
				8D468CAC7A2D15A4B3F64008 /* Frameworks */,
			);
			sourceTree = "<group>";
		};
		04B470E720EA593000FAE9F6 /* Products */ = {
			isa = PBXGroup;
			children = (
				04B470E620EA593000FAE9F6 /* Kabab.app */,
			);
			name = Products;
			sourceTree = "<group>";
		};
		04B470E820EA593000FAE9F6 /* Kabab */ = {
			isa = PBXGroup;
			children = (
				04CFCF2B210843BE004CF860 /* View Models */,
				04CFCF052105BFB3004CF860 /* Views */,
				040F251D20FDF52300A0247C /* Extensions */,
				043E825620ECD67500BB9021 /* Helpers */,
				04B4710320EB601C00FAE9F6 /* Models */,
				04B470FE20EB594D00FAE9F6 /* Repository */,
				04B470E920EA593000FAE9F6 /* AppDelegate.swift */,
				04B470ED20EA593000FAE9F6 /* Main.storyboard */,
				040F251920FDC5DC00A0247C /* Colors.xcassets */,
				04B470F020EA593100FAE9F6 /* Assets.xcassets */,
				04B470F220EA593100FAE9F6 /* LaunchScreen.storyboard */,
				04B470F520EA593100FAE9F6 /* Info.plist */,
			);
			path = Kabab;
			sourceTree = "<group>";
		};
		04B470FE20EB594D00FAE9F6 /* Repository */ = {
			isa = PBXGroup;
			children = (
				04B470FC20EB57C000FAE9F6 /* Repository.swift */,
				04B4710020EB5A4400FAE9F6 /* Remote */,
				04B470FF20EB5A3900FAE9F6 /* Local */,
			);
			path = Repository;
			sourceTree = "<group>";
		};
		04B470FF20EB5A3900FAE9F6 /* Local */ = {
			isa = PBXGroup;
			children = (
				04B4710620EB65A500FAE9F6 /* LocalDataObjects */,
				04B4710120EB5C3400FAE9F6 /* VisitorLocalCRUD.swift */,
				04CFCEFD2104BCFA004CF860 /* EmployeeLocalCRUD.swift */,
			);
			path = Local;
			sourceTree = "<group>";
		};
		04B4710020EB5A4400FAE9F6 /* Remote */ = {
			isa = PBXGroup;
			children = (
			);
			path = Remote;
			sourceTree = "<group>";
		};
		04B4710320EB601C00FAE9F6 /* Models */ = {
			isa = PBXGroup;
			children = (
				04B4710420EB603200FAE9F6 /* Visitor.swift */,
				04CFCEFB2104BB51004CF860 /* Employee.swift */,
			);
			path = Models;
			sourceTree = "<group>";
		};
		04B4710620EB65A500FAE9F6 /* LocalDataObjects */ = {
			isa = PBXGroup;
			children = (
				04B4710720EB660800FAE9F6 /* VisitorDataObject.swift */,
				04CFCEFF2104BD7A004CF860 /* EmployeeDataObject.swift */,
			);
			name = LocalDataObjects;
			sourceTree = "<group>";
		};
		04CFCF052105BFB3004CF860 /* Views */ = {
			isa = PBXGroup;
			children = (
				040F252A2100B88900A0247C /* TestViewController.swift */,
				04CFCF1C21075D8B004CF860 /* Tab Bar Controller */,
				04CFCF1421075C60004CF860 /* LogIn */,
			);
			path = Views;
			sourceTree = "<group>";
		};
		04CFCF1421075C60004CF860 /* LogIn */ = {
			isa = PBXGroup;
			children = (
				04CFCF1B21075D1D004CF860 /* View Controllers */,
				04CFCF2321075ED6004CF860 /* LogIn.storyboard */,
			);
			path = LogIn;
			sourceTree = "<group>";
		};
		04CFCF1521075C70004CF860 /* Scanner */ = {
			isa = PBXGroup;
			children = (
				04CFCF1D21075DEC004CF860 /* Invittation Code */,
				04CFCF1A21075D10004CF860 /* View Controllers */,
			);
			path = Scanner;
			sourceTree = "<group>";
		};
		04CFCF1621075C7F004CF860 /* Account */ = {
			isa = PBXGroup;
			children = (
				04CFCF1921075CD9004CF860 /* View Controllers */,
			);
			path = Account;
			sourceTree = "<group>";
		};
		04CFCF1721075C8E004CF860 /* Visitors */ = {
			isa = PBXGroup;
			children = (
				04CFCF3B21086651004CF860 /* Check Section */,
				04CFCF2221075E85004CF860 /* Empty Search */,
				04CFCF1E21075E21004CF860 /* Checks */,
				04CFCF1821075CCD004CF860 /* View Controllers */,
			);
			path = Visitors;
			sourceTree = "<group>";
		};
		04CFCF1821075CCD004CF860 /* View Controllers */ = {
			isa = PBXGroup;
			children = (
				043E827720EE4EF400BB9021 /* VisitorsViewController.swift */,
				04CFCEF921047EC0004CF860 /* SearchViewController.swift */,
			);
			path = "View Controllers";
			sourceTree = "<group>";
		};
		04CFCF1921075CD9004CF860 /* View Controllers */ = {
			isa = PBXGroup;
			children = (
				040F251020FC6F1000A0247C /* AccountViewController.swift */,
			);
			path = "View Controllers";
			sourceTree = "<group>";
		};
		04CFCF1A21075D10004CF860 /* View Controllers */ = {
			isa = PBXGroup;
			children = (
				040F250E20FC6EFC00A0247C /* ScannerViewController.swift */,
			);
			path = "View Controllers";
			sourceTree = "<group>";
		};
		04CFCF1B21075D1D004CF860 /* View Controllers */ = {
			isa = PBXGroup;
			children = (
				04B470EB20EA593000FAE9F6 /* IDViewController.swift */,
				04B4710A20EBB7F600FAE9F6 /* PhoneNumberViewController.swift */,
				043E825720ECE6AC00BB9021 /* SMSViewController.swift */,
				04CFCF032105B949004CF860 /* VerificationSuccessfulViewController.swift */,
			);
			path = "View Controllers";
			sourceTree = "<group>";
		};
		04CFCF1C21075D8B004CF860 /* Tab Bar Controller */ = {
			isa = PBXGroup;
			children = (
				040F250C20FC6D9000A0247C /* TabBarController.swift */,
				04CFCF1521075C70004CF860 /* Scanner */,
				04CFCF1621075C7F004CF860 /* Account */,
				04CFCF1721075C8E004CF860 /* Visitors */,
				04CFCF2721076058004CF860 /* TabBarController.storyboard */,
			);
			path = "Tab Bar Controller";
			sourceTree = "<group>";
		};
		04CFCF1D21075DEC004CF860 /* Invittation Code */ = {
			isa = PBXGroup;
			children = (
				040F251620FDC13900A0247C /* InvitationCodeView.xib */,
				040F251B20FDC6F400A0247C /* InvitationCodeView.swift */,
				04CFCF0A2105DDD6004CF860 /* InvitationCodeValidAndInvalidView.xib */,
				04CFCF0C2105DEDE004CF860 /* InvitationCodeValidAndInvalidView.swift */,
			);
			path = "Invittation Code";
			sourceTree = "<group>";
		};
		04CFCF1E21075E21004CF860 /* Checks */ = {
			isa = PBXGroup;
			children = (
				04CFCF2121075E40004CF860 /* Expected */,
				04CFCF2021075E35004CF860 /* Checked Out */,
				04CFCF1F21075E29004CF860 /* Checked In */,
			);
			path = Checks;
			sourceTree = "<group>";
		};
		04CFCF1F21075E29004CF860 /* Checked In */ = {
			isa = PBXGroup;
			children = (
				040F25242100B0D900A0247C /* CheckedInView.xib */,
				040F25262100B3CE00A0247C /* CheckedInView.swift */,
			);
			path = "Checked In";
			sourceTree = "<group>";
		};
		04CFCF2021075E35004CF860 /* Checked Out */ = {
			isa = PBXGroup;
			children = (
				04CFCEF521044B0B004CF860 /* CheckedOutView.xib */,
				04CFCEF721044D04004CF860 /* CheckedOutView.swift */,
			);
			path = "Checked Out";
			sourceTree = "<group>";
		};
		04CFCF2121075E40004CF860 /* Expected */ = {
			isa = PBXGroup;
			children = (
				04CFCF062105C01F004CF860 /* ExpectedView.xib */,
				04CFCF082105C0BC004CF860 /* ExpectedView.swift */,
			);
			path = Expected;
			sourceTree = "<group>";
		};
		04CFCF2221075E85004CF860 /* Empty Search */ = {
			isa = PBXGroup;
			children = (
				04CFCF1021071F22004CF860 /* SearchEmptyView.xib */,
				04CFCF1221071F41004CF860 /* SearchEmptyView.swift */,
				04CFCF2921083CAD004CF860 /* EmptySearchView.swift */,
			);
			path = "Empty Search";
			sourceTree = "<group>";
		};
		04CFCF2B210843BE004CF860 /* View Models */ = {
			isa = PBXGroup;
			children = (
				04CFCF2D21084A91004CF860 /* Log In View Models */,
				04CFCF2C21084A6D004CF860 /* Tab Bar Controller View Models */,
			);
			path = "View Models";
			sourceTree = "<group>";
		};
		04CFCF2C21084A6D004CF860 /* Tab Bar Controller View Models */ = {
			isa = PBXGroup;
			children = (
				04CFCF3021084ACE004CF860 /* Visitors View Models */,
				04CFCF2F21084ABD004CF860 /* Account View Models */,
				04CFCF2E21084AAC004CF860 /* Scanner View Models */,
			);
			path = "Tab Bar Controller View Models";
			sourceTree = "<group>";
		};
		04CFCF2D21084A91004CF860 /* Log In View Models */ = {
			isa = PBXGroup;
			children = (
				04CFCF3121084BAD004CF860 /* IDViewModel.swift */,
				04CFCF3321084BCD004CF860 /* PhoneNumberViewModel.swift */,
				04CFCF3521084C18004CF860 /* SMSViewModel.swift */,
				04CFCF3721084C32004CF860 /* VerificationSuccessfulViewModel.swift */,
			);
			path = "Log In View Models";
			sourceTree = "<group>";
		};
		04CFCF2E21084AAC004CF860 /* Scanner View Models */ = {
			isa = PBXGroup;
			children = (
				04CFCF4021087087004CF860 /* ScannerViewModel.swift */,
			);
			path = "Scanner View Models";
			sourceTree = "<group>";
		};
		04CFCF2F21084ABD004CF860 /* Account View Models */ = {
			isa = PBXGroup;
			children = (
				04CFCF3E21086D20004CF860 /* AccountViewModel.swift */,
			);
			path = "Account View Models";
			sourceTree = "<group>";
		};
		04CFCF3021084ACE004CF860 /* Visitors View Models */ = {
			isa = PBXGroup;
			children = (
				04CFCF3921085C1B004CF860 /* VisitorsViewModel.swift */,
			);
			path = "Visitors View Models";
			sourceTree = "<group>";
		};
		04CFCF3B21086651004CF860 /* Check Section */ = {
			isa = PBXGroup;
			children = (
				04CFCF3C21086674004CF860 /* CheckSectionView.swift */,
			);
			path = "Check Section";
			sourceTree = "<group>";
		};
		8D468CAC7A2D15A4B3F64008 /* Frameworks */ = {
			isa = PBXGroup;
			children = (
				85C954FBF8E62CAA9387425C /* Pods_Kabab.framework */,
			);
			name = Frameworks;
			sourceTree = "<group>";
		};
		ED90256247B9BF3D08E0291D /* Pods */ = {
			isa = PBXGroup;
			children = (
				BC60015B8A3A06C9BABE5A7A /* Pods-Kabab.debug.xcconfig */,
				771E24DE2A276198A64D2849 /* Pods-Kabab.release.xcconfig */,
			);
			name = Pods;
			sourceTree = "<group>";
		};
/* End PBXGroup section */

/* Begin PBXNativeTarget section */
		04B470E520EA593000FAE9F6 /* Kabab */ = {
			isa = PBXNativeTarget;
			buildConfigurationList = 04B470F820EA593100FAE9F6 /* Build configuration list for PBXNativeTarget "Kabab" */;
			buildPhases = (
				ABBD13D3A59A2C41101CAC8E /* [CP] Check Pods Manifest.lock */,
				04B470E220EA593000FAE9F6 /* Sources */,
				04B470E320EA593000FAE9F6 /* Frameworks */,
				04B470E420EA593000FAE9F6 /* Resources */,
				EB5FD4F3C24ACC730571E7DF /* [CP] Embed Pods Frameworks */,
			);
			buildRules = (
			);
			dependencies = (
			);
			name = Kabab;
			productName = Kabab;
			productReference = 04B470E620EA593000FAE9F6 /* Kabab.app */;
			productType = "com.apple.product-type.application";
		};
/* End PBXNativeTarget section */

/* Begin PBXProject section */
		04B470DE20EA593000FAE9F6 /* Project object */ = {
			isa = PBXProject;
			attributes = {
				LastSwiftUpdateCheck = 0940;
				LastUpgradeCheck = 0940;
				ORGANIZATIONNAME = mac;
				TargetAttributes = {
					04B470E520EA593000FAE9F6 = {
						CreatedOnToolsVersion = 9.4.1;
					};
				};
			};
			buildConfigurationList = 04B470E120EA593000FAE9F6 /* Build configuration list for PBXProject "Kabab" */;
			compatibilityVersion = "Xcode 9.3";
			developmentRegion = en;
			hasScannedForEncodings = 0;
			knownRegions = (
				en,
				Base,
			);
			mainGroup = 04B470DD20EA593000FAE9F6;
			productRefGroup = 04B470E720EA593000FAE9F6 /* Products */;
			projectDirPath = "";
			projectRoot = "";
			targets = (
				04B470E520EA593000FAE9F6 /* Kabab */,
			);
		};
/* End PBXProject section */

/* Begin PBXResourcesBuildPhase section */
		04B470E420EA593000FAE9F6 /* Resources */ = {
			isa = PBXResourcesBuildPhase;
			buildActionMask = 2147483647;
			files = (
				04CFCF2421075ED6004CF860 /* LogIn.storyboard in Resources */,
				040F251A20FDC5DC00A0247C /* Colors.xcassets in Resources */,
				04B470F420EA593100FAE9F6 /* LaunchScreen.storyboard in Resources */,
				04CFCEF621044B0B004CF860 /* CheckedOutView.xib in Resources */,
				04B470F120EA593100FAE9F6 /* Assets.xcassets in Resources */,
				04CFCF1121071F22004CF860 /* SearchEmptyView.xib in Resources */,
				04CFCF2821076058004CF860 /* TabBarController.storyboard in Resources */,
				040F251720FDC13900A0247C /* InvitationCodeView.xib in Resources */,
				04B470EF20EA593000FAE9F6 /* Main.storyboard in Resources */,
				04CFCF072105C01F004CF860 /* ExpectedView.xib in Resources */,
				04CFCF0B2105DDD6004CF860 /* InvitationCodeValidAndInvalidView.xib in Resources */,
				040F25252100B0D900A0247C /* CheckedInView.xib in Resources */,
			);
			runOnlyForDeploymentPostprocessing = 0;
		};
/* End PBXResourcesBuildPhase section */

/* Begin PBXShellScriptBuildPhase section */
		ABBD13D3A59A2C41101CAC8E /* [CP] Check Pods Manifest.lock */ = {
			isa = PBXShellScriptBuildPhase;
			buildActionMask = 2147483647;
			files = (
			);
			inputPaths = (
				"${PODS_PODFILE_DIR_PATH}/Podfile.lock",
				"${PODS_ROOT}/Manifest.lock",
			);
			name = "[CP] Check Pods Manifest.lock";
			outputPaths = (
				"$(DERIVED_FILE_DIR)/Pods-Kabab-checkManifestLockResult.txt",
			);
			runOnlyForDeploymentPostprocessing = 0;
			shellPath = /bin/sh;
			shellScript = "diff \"${PODS_PODFILE_DIR_PATH}/Podfile.lock\" \"${PODS_ROOT}/Manifest.lock\" > /dev/null\nif [ $? != 0 ] ; then\n    # print error to STDERR\n    echo \"error: The sandbox is not in sync with the Podfile.lock. Run 'pod install' or update your CocoaPods installation.\" >&2\n    exit 1\nfi\n# This output is used by Xcode 'outputs' to avoid re-running this script phase.\necho \"SUCCESS\" > \"${SCRIPT_OUTPUT_FILE_0}\"\n";
			showEnvVarsInLog = 0;
		};
		EB5FD4F3C24ACC730571E7DF /* [CP] Embed Pods Frameworks */ = {
			isa = PBXShellScriptBuildPhase;
			buildActionMask = 2147483647;
			files = (
			);
			inputPaths = (
				"${SRCROOT}/Pods/Target Support Files/Pods-Kabab/Pods-Kabab-frameworks.sh",
				"${BUILT_PRODUCTS_DIR}/MarqueeLabel/MarqueeLabel.framework",
				"${BUILT_PRODUCTS_DIR}/NotificationBannerSwift/NotificationBannerSwift.framework",
				"${BUILT_PRODUCTS_DIR}/Realm/Realm.framework",
				"${BUILT_PRODUCTS_DIR}/RealmSwift/RealmSwift.framework",
				"${BUILT_PRODUCTS_DIR}/ScreenType/ScreenType.framework",
				"${BUILT_PRODUCTS_DIR}/SnapKit/SnapKit.framework",
			);
			name = "[CP] Embed Pods Frameworks";
			outputPaths = (
				"${TARGET_BUILD_DIR}/${FRAMEWORKS_FOLDER_PATH}/MarqueeLabel.framework",
				"${TARGET_BUILD_DIR}/${FRAMEWORKS_FOLDER_PATH}/NotificationBannerSwift.framework",
				"${TARGET_BUILD_DIR}/${FRAMEWORKS_FOLDER_PATH}/Realm.framework",
				"${TARGET_BUILD_DIR}/${FRAMEWORKS_FOLDER_PATH}/RealmSwift.framework",
				"${TARGET_BUILD_DIR}/${FRAMEWORKS_FOLDER_PATH}/ScreenType.framework",
				"${TARGET_BUILD_DIR}/${FRAMEWORKS_FOLDER_PATH}/SnapKit.framework",
			);
			runOnlyForDeploymentPostprocessing = 0;
			shellPath = /bin/sh;
			shellScript = "\"${SRCROOT}/Pods/Target Support Files/Pods-Kabab/Pods-Kabab-frameworks.sh\"\n";
			showEnvVarsInLog = 0;
		};
/* End PBXShellScriptBuildPhase section */

/* Begin PBXSourcesBuildPhase section */
		04B470E220EA593000FAE9F6 /* Sources */ = {
			isa = PBXSourcesBuildPhase;
			buildActionMask = 2147483647;
			files = (
				04B470EC20EA593000FAE9F6 /* IDViewController.swift in Sources */,
				04CFCF43210998BC004CF860 /* UIButtonExtension.swift in Sources */,
				04B4710520EB603200FAE9F6 /* Visitor.swift in Sources */,
				040F251120FC6F1000A0247C /* AccountViewController.swift in Sources */,
				04CFCEFE2104BCFA004CF860 /* EmployeeLocalCRUD.swift in Sources */,
				04CFCF3421084BCD004CF860 /* PhoneNumberViewModel.swift in Sources */,
				04CFCF3D21086674004CF860 /* CheckSectionView.swift in Sources */,
				04CFCF0D2105DEDE004CF860 /* InvitationCodeValidAndInvalidView.swift in Sources */,
				04CFCF3221084BAD004CF860 /* IDViewModel.swift in Sources */,
				04CFCF452109D631004CF860 /* UITextFieldExtension.swift in Sources */,
				04B470EA20EA593000FAE9F6 /* AppDelegate.swift in Sources */,
				04CFCF002104BD7A004CF860 /* EmployeeDataObject.swift in Sources */,
				04CFCF3F21086D20004CF860 /* AccountViewModel.swift in Sources */,
				04CFCF092105C0BC004CF860 /* ExpectedView.swift in Sources */,
				04CFCF1321071F41004CF860 /* SearchEmptyView.swift in Sources */,
				04CFCF2A21083CAD004CF860 /* EmptySearchView.swift in Sources */,
				040F252120FF635800A0247C /* QRScannerView.swift in Sources */,
				040F251320FC889F00A0247C /* QRScannerViewController.swift in Sources */,
				04CFCF4121087087004CF860 /* ScannerViewModel.swift in Sources */,
				043E827820EE4EF400BB9021 /* VisitorsViewController.swift in Sources */,
				040F25272100B3CE00A0247C /* CheckedInView.swift in Sources */,
				04CFCEF821044D04004CF860 /* CheckedOutView.swift in Sources */,
				04CFCF3821084C32004CF860 /* VerificationSuccessfulViewModel.swift in Sources */,
				04B4710820EB660800FAE9F6 /* VisitorDataObject.swift in Sources */,
				04CFCEFC2104BB51004CF860 /* Employee.swift in Sources */,
				040F251F20FDF64500A0247C /* UIViewExtension.swift in Sources */,
				040F252B2100B88900A0247C /* TestViewController.swift in Sources */,
				04CFCF022105A9A8004CF860 /* UINavigationControllerExtension.swift in Sources */,
				04CFCEFA21047EC0004CF860 /* SearchViewController.swift in Sources */,
				04B4710B20EBB7F600FAE9F6 /* PhoneNumberViewController.swift in Sources */,
				04CFCF3A21085C1B004CF860 /* VisitorsViewModel.swift in Sources */,
				043E825820ECE6AC00BB9021 /* SMSViewController.swift in Sources */,
				04CFCF042105B949004CF860 /* VerificationSuccessfulViewController.swift in Sources */,
				04B4710220EB5C3400FAE9F6 /* VisitorLocalCRUD.swift in Sources */,
				040F250D20FC6D9000A0247C /* TabBarController.swift in Sources */,
				040F250F20FC6EFC00A0247C /* ScannerViewController.swift in Sources */,
				043E825520ECAA8C00BB9021 /* MockData.swift in Sources */,
				040F251C20FDC6F400A0247C /* InvitationCodeView.swift in Sources */,
				04B470FD20EB57C000FAE9F6 /* Repository.swift in Sources */,
				04CFCF472109DAF2004CF860 /* CALayer.swift in Sources */,
				04CFCF3621084C18004CF860 /* SMSViewModel.swift in Sources */,
				040F252320FF6EF000A0247C /* QRScanner.swift in Sources */,
			);
			runOnlyForDeploymentPostprocessing = 0;
		};
/* End PBXSourcesBuildPhase section */

/* Begin PBXVariantGroup section */
		04B470ED20EA593000FAE9F6 /* Main.storyboard */ = {
			isa = PBXVariantGroup;
			children = (
				04B470EE20EA593000FAE9F6 /* Base */,
			);
			name = Main.storyboard;
			sourceTree = "<group>";
		};
		04B470F220EA593100FAE9F6 /* LaunchScreen.storyboard */ = {
			isa = PBXVariantGroup;
			children = (
				04B470F320EA593100FAE9F6 /* Base */,
			);
			name = LaunchScreen.storyboard;
			sourceTree = "<group>";
		};
/* End PBXVariantGroup section */

/* Begin XCBuildConfiguration section */
		04B470F620EA593100FAE9F6 /* Debug */ = {
			isa = XCBuildConfiguration;
			buildSettings = {
				ALWAYS_SEARCH_USER_PATHS = NO;
				CLANG_ANALYZER_NONNULL = YES;
				CLANG_ANALYZER_NUMBER_OBJECT_CONVERSION = YES_AGGRESSIVE;
				CLANG_CXX_LANGUAGE_STANDARD = "gnu++14";
				CLANG_CXX_LIBRARY = "libc++";
				CLANG_ENABLE_MODULES = YES;
				CLANG_ENABLE_OBJC_ARC = YES;
				CLANG_ENABLE_OBJC_WEAK = YES;
				CLANG_WARN_BLOCK_CAPTURE_AUTORELEASING = YES;
				CLANG_WARN_BOOL_CONVERSION = YES;
				CLANG_WARN_COMMA = YES;
				CLANG_WARN_CONSTANT_CONVERSION = YES;
				CLANG_WARN_DEPRECATED_OBJC_IMPLEMENTATIONS = YES;
				CLANG_WARN_DIRECT_OBJC_ISA_USAGE = YES_ERROR;
				CLANG_WARN_DOCUMENTATION_COMMENTS = YES;
				CLANG_WARN_EMPTY_BODY = YES;
				CLANG_WARN_ENUM_CONVERSION = YES;
				CLANG_WARN_INFINITE_RECURSION = YES;
				CLANG_WARN_INT_CONVERSION = YES;
				CLANG_WARN_NON_LITERAL_NULL_CONVERSION = YES;
				CLANG_WARN_OBJC_IMPLICIT_RETAIN_SELF = YES;
				CLANG_WARN_OBJC_LITERAL_CONVERSION = YES;
				CLANG_WARN_OBJC_ROOT_CLASS = YES_ERROR;
				CLANG_WARN_RANGE_LOOP_ANALYSIS = YES;
				CLANG_WARN_STRICT_PROTOTYPES = YES;
				CLANG_WARN_SUSPICIOUS_MOVE = YES;
				CLANG_WARN_UNGUARDED_AVAILABILITY = YES_AGGRESSIVE;
				CLANG_WARN_UNREACHABLE_CODE = YES;
				CLANG_WARN__DUPLICATE_METHOD_MATCH = YES;
				CODE_SIGN_IDENTITY = "iPhone Developer";
				COPY_PHASE_STRIP = NO;
				DEBUG_INFORMATION_FORMAT = dwarf;
				ENABLE_STRICT_OBJC_MSGSEND = YES;
				ENABLE_TESTABILITY = YES;
				GCC_C_LANGUAGE_STANDARD = gnu11;
				GCC_DYNAMIC_NO_PIC = NO;
				GCC_NO_COMMON_BLOCKS = YES;
				GCC_OPTIMIZATION_LEVEL = 0;
				GCC_PREPROCESSOR_DEFINITIONS = (
					"DEBUG=1",
					"$(inherited)",
				);
				GCC_WARN_64_TO_32_BIT_CONVERSION = YES;
				GCC_WARN_ABOUT_RETURN_TYPE = YES_ERROR;
				GCC_WARN_UNDECLARED_SELECTOR = YES;
				GCC_WARN_UNINITIALIZED_AUTOS = YES_AGGRESSIVE;
				GCC_WARN_UNUSED_FUNCTION = YES;
				GCC_WARN_UNUSED_VARIABLE = YES;
				IPHONEOS_DEPLOYMENT_TARGET = 11.4;
				MTL_ENABLE_DEBUG_INFO = YES;
				ONLY_ACTIVE_ARCH = YES;
				SDKROOT = iphoneos;
				SWIFT_ACTIVE_COMPILATION_CONDITIONS = DEBUG;
				SWIFT_OPTIMIZATION_LEVEL = "-Onone";
			};
			name = Debug;
		};
		04B470F720EA593100FAE9F6 /* Release */ = {
			isa = XCBuildConfiguration;
			buildSettings = {
				ALWAYS_SEARCH_USER_PATHS = NO;
				CLANG_ANALYZER_NONNULL = YES;
				CLANG_ANALYZER_NUMBER_OBJECT_CONVERSION = YES_AGGRESSIVE;
				CLANG_CXX_LANGUAGE_STANDARD = "gnu++14";
				CLANG_CXX_LIBRARY = "libc++";
				CLANG_ENABLE_MODULES = YES;
				CLANG_ENABLE_OBJC_ARC = YES;
				CLANG_ENABLE_OBJC_WEAK = YES;
				CLANG_WARN_BLOCK_CAPTURE_AUTORELEASING = YES;
				CLANG_WARN_BOOL_CONVERSION = YES;
				CLANG_WARN_COMMA = YES;
				CLANG_WARN_CONSTANT_CONVERSION = YES;
				CLANG_WARN_DEPRECATED_OBJC_IMPLEMENTATIONS = YES;
				CLANG_WARN_DIRECT_OBJC_ISA_USAGE = YES_ERROR;
				CLANG_WARN_DOCUMENTATION_COMMENTS = YES;
				CLANG_WARN_EMPTY_BODY = YES;
				CLANG_WARN_ENUM_CONVERSION = YES;
				CLANG_WARN_INFINITE_RECURSION = YES;
				CLANG_WARN_INT_CONVERSION = YES;
				CLANG_WARN_NON_LITERAL_NULL_CONVERSION = YES;
				CLANG_WARN_OBJC_IMPLICIT_RETAIN_SELF = YES;
				CLANG_WARN_OBJC_LITERAL_CONVERSION = YES;
				CLANG_WARN_OBJC_ROOT_CLASS = YES_ERROR;
				CLANG_WARN_RANGE_LOOP_ANALYSIS = YES;
				CLANG_WARN_STRICT_PROTOTYPES = YES;
				CLANG_WARN_SUSPICIOUS_MOVE = YES;
				CLANG_WARN_UNGUARDED_AVAILABILITY = YES_AGGRESSIVE;
				CLANG_WARN_UNREACHABLE_CODE = YES;
				CLANG_WARN__DUPLICATE_METHOD_MATCH = YES;
				CODE_SIGN_IDENTITY = "iPhone Developer";
				COPY_PHASE_STRIP = NO;
				DEBUG_INFORMATION_FORMAT = "dwarf-with-dsym";
				ENABLE_NS_ASSERTIONS = NO;
				ENABLE_STRICT_OBJC_MSGSEND = YES;
				GCC_C_LANGUAGE_STANDARD = gnu11;
				GCC_NO_COMMON_BLOCKS = YES;
				GCC_WARN_64_TO_32_BIT_CONVERSION = YES;
				GCC_WARN_ABOUT_RETURN_TYPE = YES_ERROR;
				GCC_WARN_UNDECLARED_SELECTOR = YES;
				GCC_WARN_UNINITIALIZED_AUTOS = YES_AGGRESSIVE;
				GCC_WARN_UNUSED_FUNCTION = YES;
				GCC_WARN_UNUSED_VARIABLE = YES;
				IPHONEOS_DEPLOYMENT_TARGET = 11.4;
				MTL_ENABLE_DEBUG_INFO = NO;
				SDKROOT = iphoneos;
				SWIFT_COMPILATION_MODE = wholemodule;
				SWIFT_OPTIMIZATION_LEVEL = "-O";
				VALIDATE_PRODUCT = YES;
			};
			name = Release;
		};
		04B470F920EA593100FAE9F6 /* Debug */ = {
			isa = XCBuildConfiguration;
			baseConfigurationReference = BC60015B8A3A06C9BABE5A7A /* Pods-Kabab.debug.xcconfig */;
			buildSettings = {
				ASSETCATALOG_COMPILER_APPICON_NAME = AppIcon;
				CODE_SIGN_STYLE = Automatic;
				DEVELOPMENT_TEAM = 86K78YBMR9;
				INFOPLIST_FILE = Kabab/Info.plist;
				IPHONEOS_DEPLOYMENT_TARGET = 11.3;
				LD_RUNPATH_SEARCH_PATHS = (
					"$(inherited)",
					"@executable_path/Frameworks",
				);
				PRODUCT_BUNDLE_IDENTIFIER = com.QRC.Kabab;
				PRODUCT_NAME = "$(TARGET_NAME)";
				SWIFT_VERSION = 4.0;
				TARGETED_DEVICE_FAMILY = "1,2";
			};
			name = Debug;
		};
		04B470FA20EA593100FAE9F6 /* Release */ = {
			isa = XCBuildConfiguration;
			baseConfigurationReference = 771E24DE2A276198A64D2849 /* Pods-Kabab.release.xcconfig */;
			buildSettings = {
				ASSETCATALOG_COMPILER_APPICON_NAME = AppIcon;
				CODE_SIGN_STYLE = Automatic;
				DEVELOPMENT_TEAM = 86K78YBMR9;
				INFOPLIST_FILE = Kabab/Info.plist;
				IPHONEOS_DEPLOYMENT_TARGET = 11.3;
				LD_RUNPATH_SEARCH_PATHS = (
					"$(inherited)",
					"@executable_path/Frameworks",
				);
				PRODUCT_BUNDLE_IDENTIFIER = com.QRC.Kabab;
				PRODUCT_NAME = "$(TARGET_NAME)";
				SWIFT_VERSION = 4.0;
				TARGETED_DEVICE_FAMILY = "1,2";
			};
			name = Release;
		};
/* End XCBuildConfiguration section */

/* Begin XCConfigurationList section */
		04B470E120EA593000FAE9F6 /* Build configuration list for PBXProject "Kabab" */ = {
			isa = XCConfigurationList;
			buildConfigurations = (
				04B470F620EA593100FAE9F6 /* Debug */,
				04B470F720EA593100FAE9F6 /* Release */,
			);
			defaultConfigurationIsVisible = 0;
			defaultConfigurationName = Release;
		};
		04B470F820EA593100FAE9F6 /* Build configuration list for PBXNativeTarget "Kabab" */ = {
			isa = XCConfigurationList;
			buildConfigurations = (
				04B470F920EA593100FAE9F6 /* Debug */,
				04B470FA20EA593100FAE9F6 /* Release */,
			);
			defaultConfigurationIsVisible = 0;
			defaultConfigurationName = Release;
		};
/* End XCConfigurationList section */
	};
	rootObject = 04B470DE20EA593000FAE9F6 /* Project object */;
}
